
Microsoft Visual Studio Solution File, Format Version 12.00
# Visual Studio Version 17
VisualStudioVersion = 17.6.33815.320
MinimumVisualStudioVersion = 10.0.40219.1
Project("{FAE04EC0-301F-11D3-BF4B-00C04F79EFBC}") = "SocialAppAuthentication", "Micro_Service_SocialAppAuth\SocialAppAuthentication.csproj", "{27BAA5CD-555B-4796-ACD1-52F2105A5077}"
EndProject
Project("{2150E333-8FDC-42A3-9474-1A3956D46DE8}") = "Services", "Services", "{80AA0483-1E1E-4466-A1F0-75854411454D}"
EndProject
Global
	GlobalSection(SolutionConfigurationPlatforms) = preSolution
		Debug|Any CPU = Debug|Any CPU
		Release|Any CPU = Release|Any CPU
	EndGlobalSection
	GlobalSection(ProjectConfigurationPlatforms) = postSolution
		{27BAA5CD-555B-4796-ACD1-52F2105A5077}.Debug|Any CPU.ActiveCfg = Debug|Any CPU
		{27BAA5CD-555B-4796-ACD1-52F2105A5077}.Debug|Any CPU.Build.0 = Debug|Any CPU
		{27BAA5CD-555B-4796-ACD1-52F2105A5077}.Release|Any CPU.ActiveCfg = Release|Any CPU
		{27BAA5CD-555B-4796-ACD1-52F2105A5077}.Release|Any CPU.Build.0 = Release|Any CPU
	EndGlobalSection
	GlobalSection(SolutionProperties) = preSolution
		HideSolutionNode = FALSE
	EndGlobalSection
	GlobalSection(NestedProjects) = preSolution
		{27BAA5CD-555B-4796-ACD1-52F2105A5077} = {80AA0483-1E1E-4466-A1F0-75854411454D}
	EndGlobalSection
	GlobalSection(ExtensibilityGlobals) = postSolution
		SolutionGuid = {F4F76EBE-C39F-4141-8851-34F0E7A19931}
	EndGlobalSection
EndGlobal
